
Microsoft Visual Studio Solution File, Format Version 12.00
# Visual Studio Version 17
VisualStudioVersion = 17.9.34728.123
MinimumVisualStudioVersion = 10.0.40219.1
Project("{FAE04EC0-301F-11D3-BF4B-00C04F79EFBC}") = "Perpustakaan", "Perpustakaan\Perpustakaan.csproj", "{A2233560-F1F9-4F7C-947C-12322788EBBB}"
EndProject
Global
	GlobalSection(SolutionConfigurationPlatforms) = preSolution
		Debug|Any CPU = Debug|Any CPU
		Release|Any CPU = Release|Any CPU
	EndGlobalSection
	GlobalSection(ProjectConfigurationPlatforms) = postSolution
		{A2233560-F1F9-4F7C-947C-12322788EBBB}.Debug|Any CPU.ActiveCfg = Debug|Any CPU
		{A2233560-F1F9-4F7C-947C-12322788EBBB}.Debug|Any CPU.Build.0 = Debug|Any CPU
		{A2233560-F1F9-4F7C-947C-12322788EBBB}.Release|Any CPU.ActiveCfg = Release|Any CPU
		{A2233560-F1F9-4F7C-947C-12322788EBBB}.Release|Any CPU.Build.0 = Release|Any CPU
	EndGlobalSection
	GlobalSection(SolutionProperties) = preSolution
		HideSolutionNode = FALSE
	EndGlobalSection
	GlobalSection(ExtensibilityGlobals) = postSolution
		SolutionGuid = {9579CF76-9EA3-4E8A-AA05-A12A9E71A9E1}
	EndGlobalSection
EndGlobal
